
Microsoft Visual Studio Solution File, Format Version 12.00
# Visual Studio Version 16
VisualStudioVersion = 16.0.32802.440
MinimumVisualStudioVersion = 10.0.40219.1
Project("{FAE04EC0-301F-11D3-BF4B-00C04F79EFBC}") = "vmerkleBattleship", "vmerkleBattleship\vmerkleBattleship.csproj", "{0716A05D-B7B6-4409-B20D-DB0E0920C578}"
EndProject
Global
	GlobalSection(SolutionConfigurationPlatforms) = preSolution
		Debug|Any CPU = Debug|Any CPU
		Release|Any CPU = Release|Any CPU
	EndGlobalSection
	GlobalSection(ProjectConfigurationPlatforms) = postSolution
		{0716A05D-B7B6-4409-B20D-DB0E0920C578}.Debug|Any CPU.ActiveCfg = Debug|Any CPU
		{0716A05D-B7B6-4409-B20D-DB0E0920C578}.Debug|Any CPU.Build.0 = Debug|Any CPU
		{0716A05D-B7B6-4409-B20D-DB0E0920C578}.Release|Any CPU.ActiveCfg = Release|Any CPU
		{0716A05D-B7B6-4409-B20D-DB0E0920C578}.Release|Any CPU.Build.0 = Release|Any CPU
	EndGlobalSection
	GlobalSection(SolutionProperties) = preSolution
		HideSolutionNode = FALSE
	EndGlobalSection
	GlobalSection(ExtensibilityGlobals) = postSolution
		SolutionGuid = {D7DF8A71-7C48-44F0-AB09-C0D1AB517570}
	EndGlobalSection
EndGlobal
